
Microsoft Visual Studio Solution File, Format Version 12.00
# Visual Studio Version 16
VisualStudioVersion = 16.0.32106.194
MinimumVisualStudioVersion = 10.0.40219.1
Project("{FAE04EC0-301F-11D3-BF4B-00C04F79EFBC}") = "DonutOS", "DonutOS.csproj", "{1356A661-F598-46C8-A6F1-ADA671853C76}"
EndProject
Global
	GlobalSection(SolutionConfigurationPlatforms) = preSolution
		Debug|Any CPU = Debug|Any CPU
		Release|Any CPU = Release|Any CPU
	EndGlobalSection
	GlobalSection(ProjectConfigurationPlatforms) = postSolution
		{1356A661-F598-46C8-A6F1-ADA671853C76}.Debug|Any CPU.ActiveCfg = Debug|Any CPU
		{1356A661-F598-46C8-A6F1-ADA671853C76}.Debug|Any CPU.Build.0 = Debug|Any CPU
		{1356A661-F598-46C8-A6F1-ADA671853C76}.Release|Any CPU.ActiveCfg = Release|Any CPU
		{1356A661-F598-46C8-A6F1-ADA671853C76}.Release|Any CPU.Build.0 = Release|Any CPU
	EndGlobalSection
	GlobalSection(SolutionProperties) = preSolution
		HideSolutionNode = FALSE
	EndGlobalSection
	GlobalSection(ExtensibilityGlobals) = postSolution
		SolutionGuid = {288AB17C-B9A1-4824-8868-EB6752D622AC}
	EndGlobalSection
EndGlobal
